// !$*UTF8*$!
{
	archiveVersion = 1;
	classes = {
	};
	objectVersion = 77;
	objects = {

/* Begin PBXContainerItemProxy section */
		D53E33E92F6B0E6E000CEA17 /* PBXContainerItemProxy */ = {
			isa = PBXContainerItemProxy;
			containerPortal = D53E33CA2F6B0E6D000CEA17 /* Project object */;
			proxyType = 1;
			remoteGlobalIDString = D53E33D12F6B0E6D000CEA17;
			remoteInfo = CrystalDungeon;
		};
		D53E33F32F6B0E6E000CEA17 /* PBXContainerItemProxy */ = {
			isa = PBXContainerItemProxy;
			containerPortal = D53E33CA2F6B0E6D000CEA17 /* Project object */;
			proxyType = 1;
			remoteGlobalIDString = D53E33D12F6B0E6D000CEA17;
			remoteInfo = CrystalDungeon;
		};
/* End PBXContainerItemProxy section */

/* Begin PBXFileReference section */
		D53E33D22F6B0E6D000CEA17 /* CrystalDungeon.app */ = {isa = PBXFileReference; explicitFileType = wrapper.application; includeInIndex = 0; path = CrystalDungeon.app; sourceTree = BUILT_PRODUCTS_DIR; };
		D53E33E82F6B0E6E000CEA17 /* CrystalDungeonTests.xctest */ = {isa = PBXFileReference; explicitFileType = wrapper.cfbundle; includeInIndex = 0; path = CrystalDungeonTests.xctest; sourceTree = BUILT_PRODUCTS_DIR; };
		D53E33F22F6B0E6E000CEA17 /* CrystalDungeonUITests.xctest */ = {isa = PBXFileReference; explicitFileType = wrapper.cfbundle; includeInIndex = 0; path = CrystalDungeonUITests.xctest; sourceTree = BUILT_PRODUCTS_DIR; };
/* End PBXFileReference section */

/* Begin PBXFileSystemSynchronizedBuildFileExceptionSet section */
		D53E33FA2F6B0E6E000CEA17 /* Exceptions for "CrystalDungeon" folder in "CrystalDungeon" target */ = {
			isa = PBXFileSystemSynchronizedBuildFileExceptionSet;
			membershipExceptions = (
				Resources/Info.plist,
			);
			target = D53E33D12F6B0E6D000CEA17 /* CrystalDungeon */;
		};
/* End PBXFileSystemSynchronizedBuildFileExceptionSet section */

/* Begin PBXFileSystemSynchronizedRootGroup section */
		D53E33D42F6B0E6D000CEA17 /* CrystalDungeon */ = {
			isa = PBXFileSystemSynchronizedRootGroup;
			exceptions = (
				D53E33FA2F6B0E6E000CEA17 /* Exceptions for "CrystalDungeon" folder in "CrystalDungeon" target */,
			);
			path = CrystalDungeon;
			sourceTree = "<group>";
		};
		D53E33EB2F6B0E6E000CEA17 /* CrystalDungeonTests */ = {
			isa = PBXFileSystemSynchronizedRootGroup;
			path = CrystalDungeonTests;
			sourceTree = "<group>";
		};
		D53E33F52F6B0E6E000CEA17 /* CrystalDungeonUITests */ = {
			isa = PBXFileSystemSynchronizedRootGroup;
			path = CrystalDungeonUITests;
			sourceTree = "<group>";
		};
/* End PBXFileSystemSynchronizedRootGroup section */

/* Begin PBXFrameworksBuildPhase section */
		D53E33CF2F6B0E6D000CEA17 /* Frameworks */ = {
			isa = PBXFrameworksBuildPhase;
			buildActionMask = 2147483647;
			files = (
			);
			runOnlyForDeploymentPostprocessing = 0;
		};
		D53E33E52F6B0E6E000CEA17 /* Frameworks */ = {
			isa = PBXFrameworksBuildPhase;
			buildActionMask = 2147483647;
			files = (
			);
			runOnlyForDeploymentPostprocessing = 0;
		};
		D53E33EF2F6B0E6E000CEA17 /* Frameworks */ = {
			isa = PBXFrameworksBuildPhase;
			buildActionMask = 2147483647;
			files = (
			);
			runOnlyForDeploymentPostprocessing = 0;
		};
/* End PBXFrameworksBuildPhase section */

/* Begin PBXGroup section */
		D53E33C92F6B0E6D000CEA17 = {
			isa = PBXGroup;
			children = (
				D53E33D42F6B0E6D000CEA17 /* CrystalDungeon */,
				D53E33EB2F6B0E6E000CEA17 /* CrystalDungeonTests */,
				D53E33F52F6B0E6E000CEA17 /* CrystalDungeonUITests */,
				D53E33D32F6B0E6D000CEA17 /* Products */,
			);
			sourceTree = "<group>";
		};
		D53E33D32F6B0E6D000CEA17 /* Products */ = {
			isa = PBXGroup;
			children = (
				D53E33D22F6B0E6D000CEA17 /* CrystalDungeon.app */,
				D53E33E82F6B0E6E000CEA17 /* CrystalDungeonTests.xctest */,
				D53E33F22F6B0E6E000CEA17 /* CrystalDungeonUITests.xctest */,
			);
			name = Products;
			sourceTree = "<group>";
		};
/* End PBXGroup section */

/* Begin PBXNativeTarget section */
		D53E33D12F6B0E6D000CEA17 /* CrystalDungeon */ = {
			isa = PBXNativeTarget;
			buildConfigurationList = D53E33FB2F6B0E6E000CEA17 /* Build configuration list for PBXNativeTarget "CrystalDungeon" */;
			buildPhases = (
				D53E33CE2F6B0E6D000CEA17 /* Sources */,
				D53E33CF2F6B0E6D000CEA17 /* Frameworks */,
				D53E33D02F6B0E6D000CEA17 /* Resources */,
			);
			buildRules = (
			);
			dependencies = (
			);
			fileSystemSynchronizedGroups = (
				D53E33D42F6B0E6D000CEA17 /* CrystalDungeon */,
			);
			name = CrystalDungeon;
			packageProductDependencies = (
			);
			productName = CrystalDungeon;
			productReference = D53E33D22F6B0E6D000CEA17 /* CrystalDungeon.app */;
			productType = "com.apple.product-type.application";
		};
		D53E33E72F6B0E6E000CEA17 /* CrystalDungeonTests */ = {
			isa = PBXNativeTarget;
			buildConfigurationList = D53E34002F6B0E6E000CEA17 /* Build configuration list for PBXNativeTarget "CrystalDungeonTests" */;
			buildPhases = (
				D53E33E42F6B0E6E000CEA17 /* Sources */,
				D53E33E52F6B0E6E000CEA17 /* Frameworks */,
				D53E33E62F6B0E6E000CEA17 /* Resources */,
			);
			buildRules = (
			);
			dependencies = (
				D53E33EA2F6B0E6E000CEA17 /* PBXTargetDependency */,
			);
			fileSystemSynchronizedGroups = (
				D53E33EB2F6B0E6E000CEA17 /* CrystalDungeonTests */,
			);
			name = CrystalDungeonTests;
			packageProductDependencies = (
			);
			productName = CrystalDungeonTests;
			productReference = D53E33E82F6B0E6E000CEA17 /* CrystalDungeonTests.xctest */;
			productType = "com.apple.product-type.bundle.unit-test";
		};
		D53E33F12F6B0E6E000CEA17 /* CrystalDungeonUITests */ = {
			isa = PBXNativeTarget;
			buildConfigurationList = D53E34032F6B0E6E000CEA17 /* Build configuration list for PBXNativeTarget "CrystalDungeonUITests" */;
			buildPhases = (
				D53E33EE2F6B0E6E000CEA17 /* Sources */,
				D53E33EF2F6B0E6E000CEA17 /* Frameworks */,
				D53E33F02F6B0E6E000CEA17 /* Resources */,
			);
			buildRules = (
			);
			dependencies = (
				D53E33F42F6B0E6E000CEA17 /* PBXTargetDependency */,
			);
			fileSystemSynchronizedGroups = (
				D53E33F52F6B0E6E000CEA17 /* CrystalDungeonUITests */,
			);
			name = CrystalDungeonUITests;
			packageProductDependencies = (
			);
			productName = CrystalDungeonUITests;
			productReference = D53E33F22F6B0E6E000CEA17 /* CrystalDungeonUITests.xctest */;
			productType = "com.apple.product-type.bundle.ui-testing";
		};
/* End PBXNativeTarget section */

/* Begin PBXProject section */
		D53E33CA2F6B0E6D000CEA17 /* Project object */ = {
			isa = PBXProject;
			attributes = {
				BuildIndependentTargetsInParallel = 1;
				LastSwiftUpdateCheck = 2620;
				LastUpgradeCheck = 2620;
				TargetAttributes = {
					D53E33D12F6B0E6D000CEA17 = {
						CreatedOnToolsVersion = 26.2;
					};
					D53E33E72F6B0E6E000CEA17 = {
						CreatedOnToolsVersion = 26.2;
						TestTargetID = D53E33D12F6B0E6D000CEA17;
					};
					D53E33F12F6B0E6E000CEA17 = {
						CreatedOnToolsVersion = 26.2;
						TestTargetID = D53E33D12F6B0E6D000CEA17;
					};
				};
			};
			buildConfigurationList = D53E33CD2F6B0E6D000CEA17 /* Build configuration list for PBXProject "CrystalDungeon" */;
			developmentRegion = en;
			hasScannedForEncodings = 0;
			knownRegions = (
				en,
				Base,
			);
			mainGroup = D53E33C92F6B0E6D000CEA17;
			minimizedProjectReferenceProxies = 1;
			preferredProjectObjectVersion = 77;
			productRefGroup = D53E33D32F6B0E6D000CEA17 /* Products */;
			projectDirPath = "";
			projectRoot = "";
			targets = (
				D53E33D12F6B0E6D000CEA17 /* CrystalDungeon */,
				D53E33E72F6B0E6E000CEA17 /* CrystalDungeonTests */,
				D53E33F12F6B0E6E000CEA17 /* CrystalDungeonUITests */,
			);
		};
/* End PBXProject section */

/* Begin PBXResourcesBuildPhase section */
		D53E33D02F6B0E6D000CEA17 /* Resources */ = {
			isa = PBXResourcesBuildPhase;
			buildActionMask = 2147483647;
			files = (
			);
			runOnlyForDeploymentPostprocessing = 0;
		};
		D53E33E62F6B0E6E000CEA17 /* Resources */ = {
			isa = PBXResourcesBuildPhase;
			buildActionMask = 2147483647;
			files = (
			);
			runOnlyForDeploymentPostprocessing = 0;
		};
		D53E33F02F6B0E6E000CEA17 /* Resources */ = {
			isa = PBXResourcesBuildPhase;
			buildActionMask = 2147483647;
			files = (
			);
			runOnlyForDeploymentPostprocessing = 0;
		};
/* End PBXResourcesBuildPhase section */

/* Begin PBXSourcesBuildPhase section */
		D53E33CE2F6B0E6D000CEA17 /* Sources */ = {
			isa = PBXSourcesBuildPhase;
			buildActionMask = 2147483647;
			files = (
			);
			runOnlyForDeploymentPostprocessing = 0;
		};
		D53E33E42F6B0E6E000CEA17 /* Sources */ = {
			isa = PBXSourcesBuildPhase;
			buildActionMask = 2147483647;
			files = (
			);
			runOnlyForDeploymentPostprocessing = 0;
		};
		D53E33EE2F6B0E6E000CEA17 /* Sources */ = {
			isa = PBXSourcesBuildPhase;
			buildActionMask = 2147483647;
			files = (
			);
			runOnlyForDeploymentPostprocessing = 0;
		};
/* End PBXSourcesBuildPhase section */

/* Begin PBXTargetDependency section */
		D53E33EA2F6B0E6E000CEA17 /* PBXTargetDependency */ = {
			isa = PBXTargetDependency;
			target = D53E33D12F6B0E6D000CEA17 /* CrystalDungeon */;
			targetProxy = D53E33E92F6B0E6E000CEA17 /* PBXContainerItemProxy */;
		};
		D53E33F42F6B0E6E000CEA17 /* PBXTargetDependency */ = {
			isa = PBXTargetDependency;
			target = D53E33D12F6B0E6D000CEA17 /* CrystalDungeon */;
			targetProxy = D53E33F32F6B0E6E000CEA17 /* PBXContainerItemProxy */;
		};
/* End PBXTargetDependency section */

/* Begin XCBuildConfiguration section */
		D53E33FC2F6B0E6E000CEA17 /* Debug */ = {
			isa = XCBuildConfiguration;
			buildSettings = {
				ASSETCATALOG_COMPILER_APPICON_NAME = AppIcon;
				ASSETCATALOG_COMPILER_GLOBAL_ACCENT_COLOR_NAME = AccentColor;
				CODE_SIGN_STYLE = Automatic;
				CURRENT_PROJECT_VERSION = 1;
				DEVELOPMENT_TEAM = SZX373NG34;
				GENERATE_INFOPLIST_FILE = YES;
				INFOPLIST_FILE = CrystalDungeon/Resources/Info.plist;
				INFOPLIST_KEY_UIApplicationSupportsIndirectInputEvents = YES;
				INFOPLIST_KEY_UILaunchStoryboardName = LaunchScreen;
				INFOPLIST_KEY_UISupportedInterfaceOrientations = UIInterfaceOrientationPortrait;
				INFOPLIST_KEY_UISupportedInterfaceOrientations_iPad = "UIInterfaceOrientationLandscapeLeft UIInterfaceOrientationLandscapeRight UIInterfaceOrientationPortrait UIInterfaceOrientationPortraitUpsideDown";
				IPHONEOS_DEPLOYMENT_TARGET = 15;
				LD_RUNPATH_SEARCH_PATHS = (
					"$(inherited)",
					"@executable_path/Frameworks",
				);
				MARKETING_VERSION = 1.0;
				PRODUCT_BUNDLE_IDENTIFIER = cn.com.CrystalDungeon;
				PRODUCT_NAME = "$(TARGET_NAME)";
				STRING_CATALOG_GENERATE_SYMBOLS = YES;
				SUPPORTED_PLATFORMS = "iphoneos iphonesimulator";
				SUPPORTS_MACCATALYST = NO;
				SUPPORTS_MAC_DESIGNED_FOR_IPHONE_IPAD = NO;
				SUPPORTS_XR_DESIGNED_FOR_IPHONE_IPAD = NO;
				SWIFT_APPROACHABLE_CONCURRENCY = YES;
				SWIFT_DEFAULT_ACTOR_ISOLATION = MainActor;
				SWIFT_EMIT_LOC_STRINGS = YES;
				SWIFT_UPCOMING_FEATURE_MEMBER_IMPORT_VISIBILITY = YES;
				SWIFT_VERSION = 5.0;
				TARGETED_DEVICE_FAMILY = 1;
			};
			name = Debug;
		};
		D53E33FD2F6B0E6E000CEA17 /* Release */ = {
			isa = XCBuildConfiguration;
			buildSettings = {
				ASSETCATALOG_COMPILER_APPICON_NAME = AppIcon;
				ASSETCATALOG_COMPILER_GLOBAL_ACCENT_COLOR_NAME = AccentColor;
				CODE_SIGN_STYLE = Automatic;
				CURRENT_PROJECT_VERSION = 1;
				DEVELOPMENT_TEAM = SZX373NG34;
				GENERATE_INFOPLIST_FILE = YES;
				INFOPLIST_FILE = CrystalDungeon/Resources/Info.plist;
				INFOPLIST_KEY_UIApplicationSupportsIndirectInputEvents = YES;
				INFOPLIST_KEY_UILaunchStoryboardName = LaunchScreen;
				INFOPLIST_KEY_UISupportedInterfaceOrientations = UIInterfaceOrientationPortrait;
				INFOPLIST_KEY_UISupportedInterfaceOrientations_iPad = "UIInterfaceOrientationLandscapeLeft UIInterfaceOrientationLandscapeRight UIInterfaceOrientationPortrait UIInterfaceOrientationPortraitUpsideDown";
				IPHONEOS_DEPLOYMENT_TARGET = 15;
				LD_RUNPATH_SEARCH_PATHS = (
					"$(inherited)",
					"@executable_path/Frameworks",
				);
				MARKETING_VERSION = 1.0;
				PRODUCT_BUNDLE_IDENTIFIER = cn.com.CrystalDungeon;
				PRODUCT_NAME = "$(TARGET_NAME)";
				STRING_CATALOG_GENERATE_SYMBOLS = YES;
				SUPPORTED_PLATFORMS = "iphoneos iphonesimulator";
				SUPPORTS_MACCATALYST = NO;
				SUPPORTS_MAC_DESIGNED_FOR_IPHONE_IPAD = NO;
				SUPPORTS_XR_DESIGNED_FOR_IPHONE_IPAD = NO;
				SWIFT_APPROACHABLE_CONCURRENCY = YES;
				SWIFT_DEFAULT_ACTOR_ISOLATION = MainActor;
				SWIFT_EMIT_LOC_STRINGS = YES;
				SWIFT_UPCOMING_FEATURE_MEMBER_IMPORT_VISIBILITY = YES;
				SWIFT_VERSION = 5.0;
				TARGETED_DEVICE_FAMILY = 1;
			};
			name = Release;
		};
		D53E33FE2F6B0E6E000CEA17 /* Debug */ = {
			isa = XCBuildConfiguration;
			buildSettings = {
				ALWAYS_SEARCH_USER_PATHS = NO;
				ASSETCATALOG_COMPILER_GENERATE_SWIFT_ASSET_SYMBOL_EXTENSIONS = YES;
				CLANG_ANALYZER_NONNULL = YES;
				CLANG_ANALYZER_NUMBER_OBJECT_CONVERSION = YES_AGGRESSIVE;
				CLANG_CXX_LANGUAGE_STANDARD = "gnu++20";
				CLANG_ENABLE_MODULES = YES;
				CLANG_ENABLE_OBJC_ARC = YES;
				CLANG_ENABLE_OBJC_WEAK = YES;
				CLANG_WARN_BLOCK_CAPTURE_AUTORELEASING = YES;
				CLANG_WARN_BOOL_CONVERSION = YES;
				CLANG_WARN_COMMA = YES;
				CLANG_WARN_CONSTANT_CONVERSION = YES;
				CLANG_WARN_DEPRECATED_OBJC_IMPLEMENTATIONS = YES;
				CLANG_WARN_DIRECT_OBJC_ISA_USAGE = YES_ERROR;
				CLANG_WARN_DOCUMENTATION_COMMENTS = YES;
				CLANG_WARN_EMPTY_BODY = YES;
				CLANG_WARN_ENUM_CONVERSION = YES;
				CLANG_WARN_INFINITE_RECURSION = YES;
				CLANG_WARN_INT_CONVERSION = YES;
				CLANG_WARN_NON_LITERAL_NULL_CONVERSION = YES;
				CLANG_WARN_OBJC_IMPLICIT_RETAIN_SELF = YES;
				CLANG_WARN_OBJC_LITERAL_CONVERSION = YES;
				CLANG_WARN_OBJC_ROOT_CLASS = YES_ERROR;
				CLANG_WARN_QUOTED_INCLUDE_IN_FRAMEWORK_HEADER = YES;
				CLANG_WARN_RANGE_LOOP_ANALYSIS = YES;
				CLANG_WARN_STRICT_PROTOTYPES = YES;
				CLANG_WARN_SUSPICIOUS_MOVE = YES;
				CLANG_WARN_UNGUARDED_AVAILABILITY = YES_AGGRESSIVE;
				CLANG_WARN_UNREACHABLE_CODE = YES;
				CLANG_WARN__DUPLICATE_METHOD_MATCH = YES;
				COPY_PHASE_STRIP = NO;
				DEBUG_INFORMATION_FORMAT = dwarf;
				DEVELOPMENT_TEAM = SZX373NG34;
				ENABLE_STRICT_OBJC_MSGSEND = YES;
				ENABLE_TESTABILITY = YES;
				ENABLE_USER_SCRIPT_SANDBOXING = YES;
				GCC_C_LANGUAGE_STANDARD = gnu17;
				GCC_DYNAMIC_NO_PIC = NO;
				GCC_NO_COMMON_BLOCKS = YES;
				GCC_OPTIMIZATION_LEVEL = 0;
				GCC_PREPROCESSOR_DEFINITIONS = (
					"DEBUG=1",
					"$(inherited)",
				);
				GCC_WARN_64_TO_32_BIT_CONVERSION = YES;
				GCC_WARN_ABOUT_RETURN_TYPE = YES_ERROR;
				GCC_WARN_UNDECLARED_SELECTOR = YES;
				GCC_WARN_UNINITIALIZED_AUTOS = YES_AGGRESSIVE;
				GCC_WARN_UNUSED_FUNCTION = YES;
				GCC_WARN_UNUSED_VARIABLE = YES;
				IPHONEOS_DEPLOYMENT_TARGET = 26.2;
				LOCALIZATION_PREFERS_STRING_CATALOGS = YES;
				MTL_ENABLE_DEBUG_INFO = INCLUDE_SOURCE;
				MTL_FAST_MATH = YES;
				ONLY_ACTIVE_ARCH = YES;
				SDKROOT = iphoneos;
				SWIFT_ACTIVE_COMPILATION_CONDITIONS = "DEBUG $(inherited)";
				SWIFT_OPTIMIZATION_LEVEL = "-Onone";
			};
			name = Debug;
		};
		D53E33FF2F6B0E6E000CEA17 /* Release */ = {
			isa = XCBuildConfiguration;
			buildSettings = {
				ALWAYS_SEARCH_USER_PATHS = NO;
				ASSETCATALOG_COMPILER_GENERATE_SWIFT_ASSET_SYMBOL_EXTENSIONS = YES;
				CLANG_ANALYZER_NONNULL = YES;
				CLANG_ANALYZER_NUMBER_OBJECT_CONVERSION = YES_AGGRESSIVE;
				CLANG_CXX_LANGUAGE_STANDARD = "gnu++20";
				CLANG_ENABLE_MODULES = YES;
				CLANG_ENABLE_OBJC_ARC = YES;
				CLANG_ENABLE_OBJC_WEAK = YES;
				CLANG_WARN_BLOCK_CAPTURE_AUTORELEASING = YES;
				CLANG_WARN_BOOL_CONVERSION = YES;
				CLANG_WARN_COMMA = YES;
				CLANG_WARN_CONSTANT_CONVERSION = YES;
				CLANG_WARN_DEPRECATED_OBJC_IMPLEMENTATIONS = YES;
				CLANG_WARN_DIRECT_OBJC_ISA_USAGE = YES_ERROR;
				CLANG_WARN_DOCUMENTATION_COMMENTS = YES;
				CLANG_WARN_EMPTY_BODY = YES;
				CLANG_WARN_ENUM_CONVERSION = YES;
				CLANG_WARN_INFINITE_RECURSION = YES;
				CLANG_WARN_INT_CONVERSION = YES;
				CLANG_WARN_NON_LITERAL_NULL_CONVERSION = YES;
				CLANG_WARN_OBJC_IMPLICIT_RETAIN_SELF = YES;
				CLANG_WARN_OBJC_LITERAL_CONVERSION = YES;
				CLANG_WARN_OBJC_ROOT_CLASS = YES_ERROR;
				CLANG_WARN_QUOTED_INCLUDE_IN_FRAMEWORK_HEADER = YES;
				CLANG_WARN_RANGE_LOOP_ANALYSIS = YES;
				CLANG_WARN_STRICT_PROTOTYPES = YES;
				CLANG_WARN_SUSPICIOUS_MOVE = YES;
				CLANG_WARN_UNGUARDED_AVAILABILITY = YES_AGGRESSIVE;
				CLANG_WARN_UNREACHABLE_CODE = YES;
				CLANG_WARN__DUPLICATE_METHOD_MATCH = YES;
				COPY_PHASE_STRIP = NO;
				DEBUG_INFORMATION_FORMAT = "dwarf-with-dsym";
				DEVELOPMENT_TEAM = SZX373NG34;
				ENABLE_NS_ASSERTIONS = NO;
				ENABLE_STRICT_OBJC_MSGSEND = YES;
				ENABLE_USER_SCRIPT_SANDBOXING = YES;
				GCC_C_LANGUAGE_STANDARD = gnu17;
				GCC_NO_COMMON_BLOCKS = YES;
				GCC_WARN_64_TO_32_BIT_CONVERSION = YES;
				GCC_WARN_ABOUT_RETURN_TYPE = YES_ERROR;
				GCC_WARN_UNDECLARED_SELECTOR = YES;
				GCC_WARN_UNINITIALIZED_AUTOS = YES_AGGRESSIVE;
				GCC_WARN_UNUSED_FUNCTION = YES;
				GCC_WARN_UNUSED_VARIABLE = YES;
				IPHONEOS_DEPLOYMENT_TARGET = 26.2;
				LOCALIZATION_PREFERS_STRING_CATALOGS = YES;
				MTL_ENABLE_DEBUG_INFO = NO;
				MTL_FAST_MATH = YES;
				SDKROOT = iphoneos;
				SWIFT_COMPILATION_MODE = wholemodule;
				VALIDATE_PRODUCT = YES;
			};
			name = Release;
		};
		D53E34012F6B0E6E000CEA17 /* Debug */ = {
			isa = XCBuildConfiguration;
			buildSettings = {
				BUNDLE_LOADER = "$(TEST_HOST)";
				CODE_SIGN_STYLE = Automatic;
				CURRENT_PROJECT_VERSION = 1;
				DEVELOPMENT_TEAM = SZX373NG34;
				GENERATE_INFOPLIST_FILE = YES;
				IPHONEOS_DEPLOYMENT_TARGET = 26.2;
				MARKETING_VERSION = 1.0;
				PRODUCT_BUNDLE_IDENTIFIER = cn.com.CrystalDungeonTests;
				PRODUCT_NAME = "$(TARGET_NAME)";
				STRING_CATALOG_GENERATE_SYMBOLS = NO;
				SWIFT_APPROACHABLE_CONCURRENCY = YES;
				SWIFT_EMIT_LOC_STRINGS = NO;
				SWIFT_UPCOMING_FEATURE_MEMBER_IMPORT_VISIBILITY = YES;
				SWIFT_VERSION = 5.0;
				TARGETED_DEVICE_FAMILY = "1,2";
				TEST_HOST = "$(BUILT_PRODUCTS_DIR)/CrystalDungeon.app/$(BUNDLE_EXECUTABLE_FOLDER_PATH)/CrystalDungeon";
			};
			name = Debug;
		};
		D53E34022F6B0E6E000CEA17 /* Release */ = {
			isa = XCBuildConfiguration;
			buildSettings = {
				BUNDLE_LOADER = "$(TEST_HOST)";
				CODE_SIGN_STYLE = Automatic;
				CURRENT_PROJECT_VERSION = 1;
				DEVELOPMENT_TEAM = SZX373NG34;
				GENERATE_INFOPLIST_FILE = YES;
				IPHONEOS_DEPLOYMENT_TARGET = 26.2;
				MARKETING_VERSION = 1.0;
				PRODUCT_BUNDLE_IDENTIFIER = cn.com.CrystalDungeonTests;
				PRODUCT_NAME = "$(TARGET_NAME)";
				STRING_CATALOG_GENERATE_SYMBOLS = NO;
				SWIFT_APPROACHABLE_CONCURRENCY = YES;
				SWIFT_EMIT_LOC_STRINGS = NO;
				SWIFT_UPCOMING_FEATURE_MEMBER_IMPORT_VISIBILITY = YES;
				SWIFT_VERSION = 5.0;
				TARGETED_DEVICE_FAMILY = "1,2";
				TEST_HOST = "$(BUILT_PRODUCTS_DIR)/CrystalDungeon.app/$(BUNDLE_EXECUTABLE_FOLDER_PATH)/CrystalDungeon";
			};
			name = Release;
		};
		D53E34042F6B0E6E000CEA17 /* Debug */ = {
			isa = XCBuildConfiguration;
			buildSettings = {
				CODE_SIGN_STYLE = Automatic;
				CURRENT_PROJECT_VERSION = 1;
				DEVELOPMENT_TEAM = SZX373NG34;
				GENERATE_INFOPLIST_FILE = YES;
				MARKETING_VERSION = 1.0;
				PRODUCT_BUNDLE_IDENTIFIER = cn.com.CrystalDungeonUITests;
				PRODUCT_NAME = "$(TARGET_NAME)";
				STRING_CATALOG_GENERATE_SYMBOLS = NO;
				SWIFT_APPROACHABLE_CONCURRENCY = YES;
				SWIFT_EMIT_LOC_STRINGS = NO;
				SWIFT_UPCOMING_FEATURE_MEMBER_IMPORT_VISIBILITY = YES;
				SWIFT_VERSION = 5.0;
				TARGETED_DEVICE_FAMILY = "1,2";
				TEST_TARGET_NAME = CrystalDungeon;
			};
			name = Debug;
		};
		D53E34052F6B0E6E000CEA17 /* Release */ = {
			isa = XCBuildConfiguration;
			buildSettings = {
				CODE_SIGN_STYLE = Automatic;
				CURRENT_PROJECT_VERSION = 1;
				DEVELOPMENT_TEAM = SZX373NG34;
				GENERATE_INFOPLIST_FILE = YES;
				MARKETING_VERSION = 1.0;
				PRODUCT_BUNDLE_IDENTIFIER = cn.com.CrystalDungeonUITests;
				PRODUCT_NAME = "$(TARGET_NAME)";
				STRING_CATALOG_GENERATE_SYMBOLS = NO;
				SWIFT_APPROACHABLE_CONCURRENCY = YES;
				SWIFT_EMIT_LOC_STRINGS = NO;
				SWIFT_UPCOMING_FEATURE_MEMBER_IMPORT_VISIBILITY = YES;
				SWIFT_VERSION = 5.0;
				TARGETED_DEVICE_FAMILY = "1,2";
				TEST_TARGET_NAME = CrystalDungeon;
			};
			name = Release;
		};
/* End XCBuildConfiguration section */

/* Begin XCConfigurationList section */
		D53E33CD2F6B0E6D000CEA17 /* Build configuration list for PBXProject "CrystalDungeon" */ = {
			isa = XCConfigurationList;
			buildConfigurations = (
				D53E33FE2F6B0E6E000CEA17 /* Debug */,
				D53E33FF2F6B0E6E000CEA17 /* Release */,
			);
			defaultConfigurationIsVisible = 0;
			defaultConfigurationName = Release;
		};
		D53E33FB2F6B0E6E000CEA17 /* Build configuration list for PBXNativeTarget "CrystalDungeon" */ = {
			isa = XCConfigurationList;
			buildConfigurations = (
				D53E33FC2F6B0E6E000CEA17 /* Debug */,
				D53E33FD2F6B0E6E000CEA17 /* Release */,
			);
			defaultConfigurationIsVisible = 0;
			defaultConfigurationName = Release;
		};
		D53E34002F6B0E6E000CEA17 /* Build configuration list for PBXNativeTarget "CrystalDungeonTests" */ = {
			isa = XCConfigurationList;
			buildConfigurations = (
				D53E34012F6B0E6E000CEA17 /* Debug */,
				D53E34022F6B0E6E000CEA17 /* Release */,
			);
			defaultConfigurationIsVisible = 0;
			defaultConfigurationName = Release;
		};
		D53E34032F6B0E6E000CEA17 /* Build configuration list for PBXNativeTarget "CrystalDungeonUITests" */ = {
			isa = XCConfigurationList;
			buildConfigurations = (
				D53E34042F6B0E6E000CEA17 /* Debug */,
				D53E34052F6B0E6E000CEA17 /* Release */,
			);
			defaultConfigurationIsVisible = 0;
			defaultConfigurationName = Release;
		};
/* End XCConfigurationList section */
	};
	rootObject = D53E33CA2F6B0E6D000CEA17 /* Project object */;
}
